// !$*UTF8*$!
{
	archiveVersion = 1;
	classes = {
	};
	objectVersion = 46;
	objects = {

/* Begin PBXFileReference section */
		426FB3531B851FF80080D9E7 /* app.js */ = {isa = PBXFileReference; lastKnownFileType = sourcecode.javascript; path = app.js; sourceTree = "<group>"; };
		426FB3541B852CEE0080D9E7 /* package.json */ = {isa = PBXFileReference; lastKnownFileType = text.json; path = package.json; sourceTree = "<group>"; };
		426FB3561B86330B0080D9E7 /* index.js */ = {isa = PBXFileReference; lastKnownFileType = sourcecode.javascript; name = index.js; path = models/index.js; sourceTree = "<group>"; };
		426FB3571B8633FA0080D9E7 /* User.js */ = {isa = PBXFileReference; lastKnownFileType = sourcecode.javascript; name = User.js; path = models/User.js; sourceTree = "<group>"; };
		426FB3591B865F2F0080D9E7 /* index.ejs */ = {isa = PBXFileReference; lastKnownFileType = text; path = index.ejs; sourceTree = "<group>"; };
		426FB35A1B865F740080D9E7 /* appClient.js */ = {isa = PBXFileReference; lastKnownFileType = sourcecode.javascript; name = appClient.js; path = javascripts/appClient.js; sourceTree = "<group>"; };
/* End PBXFileReference section */

/* Begin PBXGroup section */
		426FB34C1B851FC90080D9E7 = {
			isa = PBXGroup;
			children = (
				426FB3531B851FF80080D9E7 /* app.js */,
				426FB35C1B867EC00080D9E7 /* views */,
				426FB3581B865F0D0080D9E7 /* public */,
				426FB3551B8632EA0080D9E7 /* models */,
				426FB3541B852CEE0080D9E7 /* package.json */,
			);
			sourceTree = "<group>";
		};
		426FB3551B8632EA0080D9E7 /* models */ = {
			isa = PBXGroup;
			children = (
				426FB3561B86330B0080D9E7 /* index.js */,
				426FB3571B8633FA0080D9E7 /* User.js */,
			);
			name = models;
			sourceTree = "<group>";
		};
		426FB3581B865F0D0080D9E7 /* public */ = {
			isa = PBXGroup;
			children = (
				426FB35B1B867EB20080D9E7 /* javascripts */,
			);
			path = public;
			sourceTree = "<group>";
		};
		426FB35B1B867EB20080D9E7 /* javascripts */ = {
			isa = PBXGroup;
			children = (
				426FB35A1B865F740080D9E7 /* appClient.js */,
			);
			name = javascripts;
			sourceTree = "<group>";
		};
		426FB35C1B867EC00080D9E7 /* views */ = {
			isa = PBXGroup;
			children = (
				426FB3591B865F2F0080D9E7 /* index.ejs */,
			);
			path = views;
			sourceTree = "<group>";
		};
/* End PBXGroup section */

/* Begin PBXProject section */
		426FB34D1B851FC90080D9E7 /* Project object */ = {
			isa = PBXProject;
			attributes = {
				LastUpgradeCheck = 0640;
			};
			buildConfigurationList = 426FB3501B851FC90080D9E7 /* Build configuration list for PBXProject "survey-example" */;
			compatibilityVersion = "Xcode 3.2";
			developmentRegion = English;
			hasScannedForEncodings = 0;
			knownRegions = (
				en,
			);
			mainGroup = 426FB34C1B851FC90080D9E7;
			projectDirPath = "";
			projectRoot = "";
			targets = (
			);
		};
/* End PBXProject section */

/* Begin XCBuildConfiguration section */
		426FB3511B851FC90080D9E7 /* Debug */ = {
			isa = XCBuildConfiguration;
			buildSettings = {
			};
			name = Debug;
		};
		426FB3521B851FC90080D9E7 /* Release */ = {
			isa = XCBuildConfiguration;
			buildSettings = {
			};
			name = Release;
		};
/* End XCBuildConfiguration section */

/* Begin XCConfigurationList section */
		426FB3501B851FC90080D9E7 /* Build configuration list for PBXProject "survey-example" */ = {
			isa = XCConfigurationList;
			buildConfigurations = (
				426FB3511B851FC90080D9E7 /* Debug */,
				426FB3521B851FC90080D9E7 /* Release */,
			);
			defaultConfigurationIsVisible = 0;
			defaultConfigurationName = Release;
		};
/* End XCConfigurationList section */
	};
	rootObject = 426FB34D1B851FC90080D9E7 /* Project object */;
}
