// !$*UTF8*$!
{
	archiveVersion = 1;
	classes = {
	};
	objectVersion = 46;
	objects = {

/* Begin PBXFileReference section */
		426FB3531B851FF80080D9E7 /* app.js */ = {isa = PBXFileReference; lastKnownFileType = sourcecode.javascript; path = app.js; sourceTree = "<group>"; };
/* End PBXFileReference section */

/* Begin PBXGroup section */
		426FB34C1B851FC90080D9E7 = {
			isa = PBXGroup;
			children = (
				426FB3531B851FF80080D9E7 /* app.js */,
			);
			sourceTree = "<group>";
		};
/* End PBXGroup section */

/* Begin PBXProject section */
		426FB34D1B851FC90080D9E7 /* Project object */ = {
			isa = PBXProject;
			attributes = {
				LastUpgradeCheck = 0640;
			};
			buildConfigurationList = 426FB3501B851FC90080D9E7 /* Build configuration list for PBXProject "survey-example" */;
			compatibilityVersion = "Xcode 3.2";
			developmentRegion = English;
			hasScannedForEncodings = 0;
			knownRegions = (
				en,
			);
			mainGroup = 426FB34C1B851FC90080D9E7;
			projectDirPath = "";
			projectRoot = "";
			targets = (
			);
		};
/* End PBXProject section */

/* Begin XCBuildConfiguration section */
		426FB3511B851FC90080D9E7 /* Debug */ = {
			isa = XCBuildConfiguration;
			buildSettings = {
			};
			name = Debug;
		};
		426FB3521B851FC90080D9E7 /* Release */ = {
			isa = XCBuildConfiguration;
			buildSettings = {
			};
			name = Release;
		};
/* End XCBuildConfiguration section */

/* Begin XCConfigurationList section */
		426FB3501B851FC90080D9E7 /* Build configuration list for PBXProject "survey-example" */ = {
			isa = XCConfigurationList;
			buildConfigurations = (
				426FB3511B851FC90080D9E7 /* Debug */,
				426FB3521B851FC90080D9E7 /* Release */,
			);
			defaultConfigurationIsVisible = 0;
			defaultConfigurationName = Release;
		};
/* End XCConfigurationList section */
	};
	rootObject = 426FB34D1B851FC90080D9E7 /* Project object */;
}
